// !$*UTF8*$!
{
	archiveVersion = 1;
	classes = {
	};
	objectVersion = 56;
	objects = {

/* Begin PBXBuildFile section */
		407488732C0E152200484307 /* gemini_chatApp.swift in Sources */ = {isa = PBXBuildFile; fileRef = 407488722C0E152200484307 /* gemini_chatApp.swift */; };
		407488752C0E152200484307 /* ContentView.swift in Sources */ = {isa = PBXBuildFile; fileRef = 407488742C0E152200484307 /* ContentView.swift */; };
		407488772C0E152500484307 /* Assets.xcassets in Resources */ = {isa = PBXBuildFile; fileRef = 407488762C0E152500484307 /* Assets.xcassets */; };
		4074887A2C0E152500484307 /* Preview Assets.xcassets in Resources */ = {isa = PBXBuildFile; fileRef = 407488792C0E152500484307 /* Preview Assets.xcassets */; };
		407488842C0E152500484307 /* gemini_chatTests.swift in Sources */ = {isa = PBXBuildFile; fileRef = 407488832C0E152500484307 /* gemini_chatTests.swift */; };
		4074888E2C0E152500484307 /* gemini_chatUITests.swift in Sources */ = {isa = PBXBuildFile; fileRef = 4074888D2C0E152500484307 /* gemini_chatUITests.swift */; };
		407488902C0E152500484307 /* gemini_chatUITestsLaunchTests.swift in Sources */ = {isa = PBXBuildFile; fileRef = 4074888F2C0E152500484307 /* gemini_chatUITestsLaunchTests.swift */; };
/* End PBXBuildFile section */

/* Begin PBXContainerItemProxy section */
		407488802C0E152500484307 /* PBXContainerItemProxy */ = {
			isa = PBXContainerItemProxy;
			containerPortal = 407488672C0E152200484307 /* Project object */;
			proxyType = 1;
			remoteGlobalIDString = 4074886E2C0E152200484307;
			remoteInfo = "gemini chat";
		};
		4074888A2C0E152500484307 /* PBXContainerItemProxy */ = {
			isa = PBXContainerItemProxy;
			containerPortal = 407488672C0E152200484307 /* Project object */;
			proxyType = 1;
			remoteGlobalIDString = 4074886E2C0E152200484307;
			remoteInfo = "gemini chat";
		};
/* End PBXContainerItemProxy section */

/* Begin PBXFileReference section */
		4074886F2C0E152200484307 /* gemini chat.app */ = {isa = PBXFileReference; explicitFileType = wrapper.application; includeInIndex = 0; path = "gemini chat.app"; sourceTree = BUILT_PRODUCTS_DIR; };
		407488722C0E152200484307 /* gemini_chatApp.swift */ = {isa = PBXFileReference; lastKnownFileType = sourcecode.swift; path = gemini_chatApp.swift; sourceTree = "<group>"; };
		407488742C0E152200484307 /* ContentView.swift */ = {isa = PBXFileReference; lastKnownFileType = sourcecode.swift; path = ContentView.swift; sourceTree = "<group>"; };
		407488762C0E152500484307 /* Assets.xcassets */ = {isa = PBXFileReference; lastKnownFileType = folder.assetcatalog; path = Assets.xcassets; sourceTree = "<group>"; };
		407488792C0E152500484307 /* Preview Assets.xcassets */ = {isa = PBXFileReference; lastKnownFileType = folder.assetcatalog; path = "Preview Assets.xcassets"; sourceTree = "<group>"; };
		4074887F2C0E152500484307 /* gemini chatTests.xctest */ = {isa = PBXFileReference; explicitFileType = wrapper.cfbundle; includeInIndex = 0; path = "gemini chatTests.xctest"; sourceTree = BUILT_PRODUCTS_DIR; };
		407488832C0E152500484307 /* gemini_chatTests.swift */ = {isa = PBXFileReference; lastKnownFileType = sourcecode.swift; path = gemini_chatTests.swift; sourceTree = "<group>"; };
		407488892C0E152500484307 /* gemini chatUITests.xctest */ = {isa = PBXFileReference; explicitFileType = wrapper.cfbundle; includeInIndex = 0; path = "gemini chatUITests.xctest"; sourceTree = BUILT_PRODUCTS_DIR; };
		4074888D2C0E152500484307 /* gemini_chatUITests.swift */ = {isa = PBXFileReference; lastKnownFileType = sourcecode.swift; path = gemini_chatUITests.swift; sourceTree = "<group>"; };
		4074888F2C0E152500484307 /* gemini_chatUITestsLaunchTests.swift */ = {isa = PBXFileReference; lastKnownFileType = sourcecode.swift; path = gemini_chatUITestsLaunchTests.swift; sourceTree = "<group>"; };
/* End PBXFileReference section */

/* Begin PBXFrameworksBuildPhase section */
		4074886C2C0E152200484307 /* Frameworks */ = {
			isa = PBXFrameworksBuildPhase;
			buildActionMask = 2147483647;
			files = (
			);
			runOnlyForDeploymentPostprocessing = 0;
		};
		4074887C2C0E152500484307 /* Frameworks */ = {
			isa = PBXFrameworksBuildPhase;
			buildActionMask = 2147483647;
			files = (
			);
			runOnlyForDeploymentPostprocessing = 0;
		};
		407488862C0E152500484307 /* Frameworks */ = {
			isa = PBXFrameworksBuildPhase;
			buildActionMask = 2147483647;
			files = (
			);
			runOnlyForDeploymentPostprocessing = 0;
		};
/* End PBXFrameworksBuildPhase section */

/* Begin PBXGroup section */
		407488662C0E152200484307 = {
			isa = PBXGroup;
			children = (
				407488712C0E152200484307 /* gemini chat */,
				407488822C0E152500484307 /* gemini chatTests */,
				4074888C2C0E152500484307 /* gemini chatUITests */,
				407488702C0E152200484307 /* Products */,
			);
			sourceTree = "<group>";
		};
		407488702C0E152200484307 /* Products */ = {
			isa = PBXGroup;
			children = (
				4074886F2C0E152200484307 /* gemini chat.app */,
				4074887F2C0E152500484307 /* gemini chatTests.xctest */,
				407488892C0E152500484307 /* gemini chatUITests.xctest */,
			);
			name = Products;
			sourceTree = "<group>";
		};
		407488712C0E152200484307 /* gemini chat */ = {
			isa = PBXGroup;
			children = (
				407488722C0E152200484307 /* gemini_chatApp.swift */,
				407488742C0E152200484307 /* ContentView.swift */,
				407488762C0E152500484307 /* Assets.xcassets */,
				407488782C0E152500484307 /* Preview Content */,
			);
			path = "gemini chat";
			sourceTree = "<group>";
		};
		407488782C0E152500484307 /* Preview Content */ = {
			isa = PBXGroup;
			children = (
				407488792C0E152500484307 /* Preview Assets.xcassets */,
			);
			path = "Preview Content";
			sourceTree = "<group>";
		};
		407488822C0E152500484307 /* gemini chatTests */ = {
			isa = PBXGroup;
			children = (
				407488832C0E152500484307 /* gemini_chatTests.swift */,
			);
			path = "gemini chatTests";
			sourceTree = "<group>";
		};
		4074888C2C0E152500484307 /* gemini chatUITests */ = {
			isa = PBXGroup;
			children = (
				4074888D2C0E152500484307 /* gemini_chatUITests.swift */,
				4074888F2C0E152500484307 /* gemini_chatUITestsLaunchTests.swift */,
			);
			path = "gemini chatUITests";
			sourceTree = "<group>";
		};
/* End PBXGroup section */

/* Begin PBXNativeTarget section */
		4074886E2C0E152200484307 /* gemini chat */ = {
			isa = PBXNativeTarget;
			buildConfigurationList = 407488932C0E152600484307 /* Build configuration list for PBXNativeTarget "gemini chat" */;
			buildPhases = (
				4074886B2C0E152200484307 /* Sources */,
				4074886C2C0E152200484307 /* Frameworks */,
				4074886D2C0E152200484307 /* Resources */,
			);
			buildRules = (
			);
			dependencies = (
			);
			name = "gemini chat";
			productName = "gemini chat";
			productReference = 4074886F2C0E152200484307 /* gemini chat.app */;
			productType = "com.apple.product-type.application";
		};
		4074887E2C0E152500484307 /* gemini chatTests */ = {
			isa = PBXNativeTarget;
			buildConfigurationList = 407488962C0E152600484307 /* Build configuration list for PBXNativeTarget "gemini chatTests" */;
			buildPhases = (
				4074887B2C0E152500484307 /* Sources */,
				4074887C2C0E152500484307 /* Frameworks */,
				4074887D2C0E152500484307 /* Resources */,
			);
			buildRules = (
			);
			dependencies = (
				407488812C0E152500484307 /* PBXTargetDependency */,
			);
			name = "gemini chatTests";
			productName = "gemini chatTests";
			productReference = 4074887F2C0E152500484307 /* gemini chatTests.xctest */;
			productType = "com.apple.product-type.bundle.unit-test";
		};
		407488882C0E152500484307 /* gemini chatUITests */ = {
			isa = PBXNativeTarget;
			buildConfigurationList = 407488992C0E152600484307 /* Build configuration list for PBXNativeTarget "gemini chatUITests" */;
			buildPhases = (
				407488852C0E152500484307 /* Sources */,
				407488862C0E152500484307 /* Frameworks */,
				407488872C0E152500484307 /* Resources */,
			);
			buildRules = (
			);
			dependencies = (
				4074888B2C0E152500484307 /* PBXTargetDependency */,
			);
			name = "gemini chatUITests";
			productName = "gemini chatUITests";
			productReference = 407488892C0E152500484307 /* gemini chatUITests.xctest */;
			productType = "com.apple.product-type.bundle.ui-testing";
		};
/* End PBXNativeTarget section */

/* Begin PBXProject section */
		407488672C0E152200484307 /* Project object */ = {
			isa = PBXProject;
			attributes = {
				BuildIndependentTargetsInParallel = 1;
				LastSwiftUpdateCheck = 1540;
				LastUpgradeCheck = 1540;
				TargetAttributes = {
					4074886E2C0E152200484307 = {
						CreatedOnToolsVersion = 15.4;
					};
					4074887E2C0E152500484307 = {
						CreatedOnToolsVersion = 15.4;
						TestTargetID = 4074886E2C0E152200484307;
					};
					407488882C0E152500484307 = {
						CreatedOnToolsVersion = 15.4;
						TestTargetID = 4074886E2C0E152200484307;
					};
				};
			};
			buildConfigurationList = 4074886A2C0E152200484307 /* Build configuration list for PBXProject "gemini chat" */;
			compatibilityVersion = "Xcode 14.0";
			developmentRegion = en;
			hasScannedForEncodings = 0;
			knownRegions = (
				en,
				Base,
			);
			mainGroup = 407488662C0E152200484307;
			productRefGroup = 407488702C0E152200484307 /* Products */;
			projectDirPath = "";
			projectRoot = "";
			targets = (
				4074886E2C0E152200484307 /* gemini chat */,
				4074887E2C0E152500484307 /* gemini chatTests */,
				407488882C0E152500484307 /* gemini chatUITests */,
			);
		};
/* End PBXProject section */

/* Begin PBXResourcesBuildPhase section */
		4074886D2C0E152200484307 /* Resources */ = {
			isa = PBXResourcesBuildPhase;
			buildActionMask = 2147483647;
			files = (
				4074887A2C0E152500484307 /* Preview Assets.xcassets in Resources */,
				407488772C0E152500484307 /* Assets.xcassets in Resources */,
			);
			runOnlyForDeploymentPostprocessing = 0;
		};
		4074887D2C0E152500484307 /* Resources */ = {
			isa = PBXResourcesBuildPhase;
			buildActionMask = 2147483647;
			files = (
			);
			runOnlyForDeploymentPostprocessing = 0;
		};
		407488872C0E152500484307 /* Resources */ = {
			isa = PBXResourcesBuildPhase;
			buildActionMask = 2147483647;
			files = (
			);
			runOnlyForDeploymentPostprocessing = 0;
		};
/* End PBXResourcesBuildPhase section */

/* Begin PBXSourcesBuildPhase section */
		4074886B2C0E152200484307 /* Sources */ = {
			isa = PBXSourcesBuildPhase;
			buildActionMask = 2147483647;
			files = (
				407488752C0E152200484307 /* ContentView.swift in Sources */,
				407488732C0E152200484307 /* gemini_chatApp.swift in Sources */,
			);
			runOnlyForDeploymentPostprocessing = 0;
		};
		4074887B2C0E152500484307 /* Sources */ = {
			isa = PBXSourcesBuildPhase;
			buildActionMask = 2147483647;
			files = (
				407488842C0E152500484307 /* gemini_chatTests.swift in Sources */,
			);
			runOnlyForDeploymentPostprocessing = 0;
		};
		407488852C0E152500484307 /* Sources */ = {
			isa = PBXSourcesBuildPhase;
			buildActionMask = 2147483647;
			files = (
				4074888E2C0E152500484307 /* gemini_chatUITests.swift in Sources */,
				407488902C0E152500484307 /* gemini_chatUITestsLaunchTests.swift in Sources */,
			);
			runOnlyForDeploymentPostprocessing = 0;
		};
/* End PBXSourcesBuildPhase section */

/* Begin PBXTargetDependency section */
		407488812C0E152500484307 /* PBXTargetDependency */ = {
			isa = PBXTargetDependency;
			target = 4074886E2C0E152200484307 /* gemini chat */;
			targetProxy = 407488802C0E152500484307 /* PBXContainerItemProxy */;
		};
		4074888B2C0E152500484307 /* PBXTargetDependency */ = {
			isa = PBXTargetDependency;
			target = 4074886E2C0E152200484307 /* gemini chat */;
			targetProxy = 4074888A2C0E152500484307 /* PBXContainerItemProxy */;
		};
/* End PBXTargetDependency section */

/* Begin XCBuildConfiguration section */
		407488912C0E152600484307 /* Debug */ = {
			isa = XCBuildConfiguration;
			buildSettings = {
				ALWAYS_SEARCH_USER_PATHS = NO;
				ASSETCATALOG_COMPILER_GENERATE_SWIFT_ASSET_SYMBOL_EXTENSIONS = YES;
				CLANG_ANALYZER_NONNULL = YES;
				CLANG_ANALYZER_NUMBER_OBJECT_CONVERSION = YES_AGGRESSIVE;
				CLANG_CXX_LANGUAGE_STANDARD = "gnu++20";
				CLANG_ENABLE_MODULES = YES;
				CLANG_ENABLE_OBJC_ARC = YES;
				CLANG_ENABLE_OBJC_WEAK = YES;
				CLANG_WARN_BLOCK_CAPTURE_AUTORELEASING = YES;
				CLANG_WARN_BOOL_CONVERSION = YES;
				CLANG_WARN_COMMA = YES;
				CLANG_WARN_CONSTANT_CONVERSION = YES;
				CLANG_WARN_DEPRECATED_OBJC_IMPLEMENTATIONS = YES;
				CLANG_WARN_DIRECT_OBJC_ISA_USAGE = YES_ERROR;
				CLANG_WARN_DOCUMENTATION_COMMENTS = YES;
				CLANG_WARN_EMPTY_BODY = YES;
				CLANG_WARN_ENUM_CONVERSION = YES;
				CLANG_WARN_INFINITE_RECURSION = YES;
				CLANG_WARN_INT_CONVERSION = YES;
				CLANG_WARN_NON_LITERAL_NULL_CONVERSION = YES;
				CLANG_WARN_OBJC_IMPLICIT_RETAIN_SELF = YES;
				CLANG_WARN_OBJC_LITERAL_CONVERSION = YES;
				CLANG_WARN_OBJC_ROOT_CLASS = YES_ERROR;
				CLANG_WARN_QUOTED_INCLUDE_IN_FRAMEWORK_HEADER = YES;
				CLANG_WARN_RANGE_LOOP_ANALYSIS = YES;
				CLANG_WARN_STRICT_PROTOTYPES = YES;
				CLANG_WARN_SUSPICIOUS_MOVE = YES;
				CLANG_WARN_UNGUARDED_AVAILABILITY = YES_AGGRESSIVE;
				CLANG_WARN_UNREACHABLE_CODE = YES;
				CLANG_WARN__DUPLICATE_METHOD_MATCH = YES;
				COPY_PHASE_STRIP = NO;
				DEBUG_INFORMATION_FORMAT = dwarf;
				ENABLE_STRICT_OBJC_MSGSEND = YES;
				ENABLE_TESTABILITY = YES;
				ENABLE_USER_SCRIPT_SANDBOXING = YES;
				GCC_C_LANGUAGE_STANDARD = gnu17;
				GCC_DYNAMIC_NO_PIC = NO;
				GCC_NO_COMMON_BLOCKS = YES;
				GCC_OPTIMIZATION_LEVEL = 0;
				GCC_PREPROCESSOR_DEFINITIONS = (
					"DEBUG=1",
					"$(inherited)",
				);
				GCC_WARN_64_TO_32_BIT_CONVERSION = YES;
				GCC_WARN_ABOUT_RETURN_TYPE = YES_ERROR;
				GCC_WARN_UNDECLARED_SELECTOR = YES;
				GCC_WARN_UNINITIALIZED_AUTOS = YES_AGGRESSIVE;
				GCC_WARN_UNUSED_FUNCTION = YES;
				GCC_WARN_UNUSED_VARIABLE = YES;
				IPHONEOS_DEPLOYMENT_TARGET = 17.5;
				LOCALIZATION_PREFERS_STRING_CATALOGS = YES;
				MTL_ENABLE_DEBUG_INFO = INCLUDE_SOURCE;
				MTL_FAST_MATH = YES;
				ONLY_ACTIVE_ARCH = YES;
				SDKROOT = iphoneos;
				SWIFT_ACTIVE_COMPILATION_CONDITIONS = "DEBUG $(inherited)";
				SWIFT_OPTIMIZATION_LEVEL = "-Onone";
			};
			name = Debug;
		};
		407488922C0E152600484307 /* Release */ = {
			isa = XCBuildConfiguration;
			buildSettings = {
				ALWAYS_SEARCH_USER_PATHS = NO;
				ASSETCATALOG_COMPILER_GENERATE_SWIFT_ASSET_SYMBOL_EXTENSIONS = YES;
				CLANG_ANALYZER_NONNULL = YES;
				CLANG_ANALYZER_NUMBER_OBJECT_CONVERSION = YES_AGGRESSIVE;
				CLANG_CXX_LANGUAGE_STANDARD = "gnu++20";
				CLANG_ENABLE_MODULES = YES;
				CLANG_ENABLE_OBJC_ARC = YES;
				CLANG_ENABLE_OBJC_WEAK = YES;
				CLANG_WARN_BLOCK_CAPTURE_AUTORELEASING = YES;
				CLANG_WARN_BOOL_CONVERSION = YES;
				CLANG_WARN_COMMA = YES;
				CLANG_WARN_CONSTANT_CONVERSION = YES;
				CLANG_WARN_DEPRECATED_OBJC_IMPLEMENTATIONS = YES;
				CLANG_WARN_DIRECT_OBJC_ISA_USAGE = YES_ERROR;
				CLANG_WARN_DOCUMENTATION_COMMENTS = YES;
				CLANG_WARN_EMPTY_BODY = YES;
				CLANG_WARN_ENUM_CONVERSION = YES;
				CLANG_WARN_INFINITE_RECURSION = YES;
				CLANG_WARN_INT_CONVERSION = YES;
				CLANG_WARN_NON_LITERAL_NULL_CONVERSION = YES;
				CLANG_WARN_OBJC_IMPLICIT_RETAIN_SELF = YES;
				CLANG_WARN_OBJC_LITERAL_CONVERSION = YES;
				CLANG_WARN_OBJC_ROOT_CLASS = YES_ERROR;
				CLANG_WARN_QUOTED_INCLUDE_IN_FRAMEWORK_HEADER = YES;
				CLANG_WARN_RANGE_LOOP_ANALYSIS = YES;
				CLANG_WARN_STRICT_PROTOTYPES = YES;
				CLANG_WARN_SUSPICIOUS_MOVE = YES;
				CLANG_WARN_UNGUARDED_AVAILABILITY = YES_AGGRESSIVE;
				CLANG_WARN_UNREACHABLE_CODE = YES;
				CLANG_WARN__DUPLICATE_METHOD_MATCH = YES;
				COPY_PHASE_STRIP = NO;
				DEBUG_INFORMATION_FORMAT = "dwarf-with-dsym";
				ENABLE_NS_ASSERTIONS = NO;
				ENABLE_STRICT_OBJC_MSGSEND = YES;
				ENABLE_USER_SCRIPT_SANDBOXING = YES;
				GCC_C_LANGUAGE_STANDARD = gnu17;
				GCC_NO_COMMON_BLOCKS = YES;
				GCC_WARN_64_TO_32_BIT_CONVERSION = YES;
				GCC_WARN_ABOUT_RETURN_TYPE = YES_ERROR;
				GCC_WARN_UNDECLARED_SELECTOR = YES;
				GCC_WARN_UNINITIALIZED_AUTOS = YES_AGGRESSIVE;
				GCC_WARN_UNUSED_FUNCTION = YES;
				GCC_WARN_UNUSED_VARIABLE = YES;
				IPHONEOS_DEPLOYMENT_TARGET = 17.5;
				LOCALIZATION_PREFERS_STRING_CATALOGS = YES;
				MTL_ENABLE_DEBUG_INFO = NO;
				MTL_FAST_MATH = YES;
				SDKROOT = iphoneos;
				SWIFT_COMPILATION_MODE = wholemodule;
				VALIDATE_PRODUCT = YES;
			};
			name = Release;
		};
		407488942C0E152600484307 /* Debug */ = {
			isa = XCBuildConfiguration;
			buildSettings = {
				ASSETCATALOG_COMPILER_APPICON_NAME = AppIcon;
				ASSETCATALOG_COMPILER_GLOBAL_ACCENT_COLOR_NAME = AccentColor;
				CODE_SIGN_STYLE = Automatic;
				CURRENT_PROJECT_VERSION = 1;
				DEVELOPMENT_ASSET_PATHS = "\"gemini chat/Preview Content\"";
				DEVELOPMENT_TEAM = ULFCR8389Y;
				ENABLE_PREVIEWS = YES;
				GENERATE_INFOPLIST_FILE = YES;
				INFOPLIST_KEY_UIApplicationSceneManifest_Generation = YES;
				INFOPLIST_KEY_UIApplicationSupportsIndirectInputEvents = YES;
				INFOPLIST_KEY_UILaunchScreen_Generation = YES;
				INFOPLIST_KEY_UISupportedInterfaceOrientations_iPad = "UIInterfaceOrientationPortrait UIInterfaceOrientationPortraitUpsideDown UIInterfaceOrientationLandscapeLeft UIInterfaceOrientationLandscapeRight";
				INFOPLIST_KEY_UISupportedInterfaceOrientations_iPhone = "UIInterfaceOrientationPortrait UIInterfaceOrientationLandscapeLeft UIInterfaceOrientationLandscapeRight";
				LD_RUNPATH_SEARCH_PATHS = (
					"$(inherited)",
					"@executable_path/Frameworks",
				);
				MARKETING_VERSION = 1.0;
				PRODUCT_BUNDLE_IDENTIFIER = "reza.gemini-chat";
				PRODUCT_NAME = "$(TARGET_NAME)";
				SWIFT_EMIT_LOC_STRINGS = YES;
				SWIFT_VERSION = 5.0;
				TARGETED_DEVICE_FAMILY = "1,2";
			};
			name = Debug;
		};
		407488952C0E152600484307 /* Release */ = {
			isa = XCBuildConfiguration;
			buildSettings = {
				ASSETCATALOG_COMPILER_APPICON_NAME = AppIcon;
				ASSETCATALOG_COMPILER_GLOBAL_ACCENT_COLOR_NAME = AccentColor;
				CODE_SIGN_STYLE = Automatic;
				CURRENT_PROJECT_VERSION = 1;
				DEVELOPMENT_ASSET_PATHS = "\"gemini chat/Preview Content\"";
				DEVELOPMENT_TEAM = ULFCR8389Y;
				ENABLE_PREVIEWS = YES;
				GENERATE_INFOPLIST_FILE = YES;
				INFOPLIST_KEY_UIApplicationSceneManifest_Generation = YES;
				INFOPLIST_KEY_UIApplicationSupportsIndirectInputEvents = YES;
				INFOPLIST_KEY_UILaunchScreen_Generation = YES;
				INFOPLIST_KEY_UISupportedInterfaceOrientations_iPad = "UIInterfaceOrientationPortrait UIInterfaceOrientationPortraitUpsideDown UIInterfaceOrientationLandscapeLeft UIInterfaceOrientationLandscapeRight";
				INFOPLIST_KEY_UISupportedInterfaceOrientations_iPhone = "UIInterfaceOrientationPortrait UIInterfaceOrientationLandscapeLeft UIInterfaceOrientationLandscapeRight";
				LD_RUNPATH_SEARCH_PATHS = (
					"$(inherited)",
					"@executable_path/Frameworks",
				);
				MARKETING_VERSION = 1.0;
				PRODUCT_BUNDLE_IDENTIFIER = "reza.gemini-chat";
				PRODUCT_NAME = "$(TARGET_NAME)";
				SWIFT_EMIT_LOC_STRINGS = YES;
				SWIFT_VERSION = 5.0;
				TARGETED_DEVICE_FAMILY = "1,2";
			};
			name = Release;
		};
		407488972C0E152600484307 /* Debug */ = {
			isa = XCBuildConfiguration;
			buildSettings = {
				ALWAYS_EMBED_SWIFT_STANDARD_LIBRARIES = YES;
				BUNDLE_LOADER = "$(TEST_HOST)";
				CODE_SIGN_STYLE = Automatic;
				CURRENT_PROJECT_VERSION = 1;
				DEVELOPMENT_TEAM = ULFCR8389Y;
				GENERATE_INFOPLIST_FILE = YES;
				IPHONEOS_DEPLOYMENT_TARGET = 17.5;
				MARKETING_VERSION = 1.0;
				PRODUCT_BUNDLE_IDENTIFIER = "reza.gemini-chatTests";
				PRODUCT_NAME = "$(TARGET_NAME)";
				SWIFT_EMIT_LOC_STRINGS = NO;
				SWIFT_VERSION = 5.0;
				TARGETED_DEVICE_FAMILY = "1,2";
				TEST_HOST = "$(BUILT_PRODUCTS_DIR)/gemini chat.app/$(BUNDLE_EXECUTABLE_FOLDER_PATH)/gemini chat";
			};
			name = Debug;
		};
		407488982C0E152600484307 /* Release */ = {
			isa = XCBuildConfiguration;
			buildSettings = {
				ALWAYS_EMBED_SWIFT_STANDARD_LIBRARIES = YES;
				BUNDLE_LOADER = "$(TEST_HOST)";
				CODE_SIGN_STYLE = Automatic;
				CURRENT_PROJECT_VERSION = 1;
				DEVELOPMENT_TEAM = ULFCR8389Y;
				GENERATE_INFOPLIST_FILE = YES;
				IPHONEOS_DEPLOYMENT_TARGET = 17.5;
				MARKETING_VERSION = 1.0;
				PRODUCT_BUNDLE_IDENTIFIER = "reza.gemini-chatTests";
				PRODUCT_NAME = "$(TARGET_NAME)";
				SWIFT_EMIT_LOC_STRINGS = NO;
				SWIFT_VERSION = 5.0;
				TARGETED_DEVICE_FAMILY = "1,2";
				TEST_HOST = "$(BUILT_PRODUCTS_DIR)/gemini chat.app/$(BUNDLE_EXECUTABLE_FOLDER_PATH)/gemini chat";
			};
			name = Release;
		};
		4074889A2C0E152600484307 /* Debug */ = {
			isa = XCBuildConfiguration;
			buildSettings = {
				ALWAYS_EMBED_SWIFT_STANDARD_LIBRARIES = YES;
				CODE_SIGN_STYLE = Automatic;
				CURRENT_PROJECT_VERSION = 1;
				DEVELOPMENT_TEAM = ULFCR8389Y;
				GENERATE_INFOPLIST_FILE = YES;
				MARKETING_VERSION = 1.0;
				PRODUCT_BUNDLE_IDENTIFIER = "reza.gemini-chatUITests";
				PRODUCT_NAME = "$(TARGET_NAME)";
				SWIFT_EMIT_LOC_STRINGS = NO;
				SWIFT_VERSION = 5.0;
				TARGETED_DEVICE_FAMILY = "1,2";
				TEST_TARGET_NAME = "gemini chat";
			};
			name = Debug;
		};
		4074889B2C0E152600484307 /* Release */ = {
			isa = XCBuildConfiguration;
			buildSettings = {
				ALWAYS_EMBED_SWIFT_STANDARD_LIBRARIES = YES;
				CODE_SIGN_STYLE = Automatic;
				CURRENT_PROJECT_VERSION = 1;
				DEVELOPMENT_TEAM = ULFCR8389Y;
				GENERATE_INFOPLIST_FILE = YES;
				MARKETING_VERSION = 1.0;
				PRODUCT_BUNDLE_IDENTIFIER = "reza.gemini-chatUITests";
				PRODUCT_NAME = "$(TARGET_NAME)";
				SWIFT_EMIT_LOC_STRINGS = NO;
				SWIFT_VERSION = 5.0;
				TARGETED_DEVICE_FAMILY = "1,2";
				TEST_TARGET_NAME = "gemini chat";
			};
			name = Release;
		};
/* End XCBuildConfiguration section */

/* Begin XCConfigurationList section */
		4074886A2C0E152200484307 /* Build configuration list for PBXProject "gemini chat" */ = {
			isa = XCConfigurationList;
			buildConfigurations = (
				407488912C0E152600484307 /* Debug */,
				407488922C0E152600484307 /* Release */,
			);
			defaultConfigurationIsVisible = 0;
			defaultConfigurationName = Release;
		};
		407488932C0E152600484307 /* Build configuration list for PBXNativeTarget "gemini chat" */ = {
			isa = XCConfigurationList;
			buildConfigurations = (
				407488942C0E152600484307 /* Debug */,
				407488952C0E152600484307 /* Release */,
			);
			defaultConfigurationIsVisible = 0;
			defaultConfigurationName = Release;
		};
		407488962C0E152600484307 /* Build configuration list for PBXNativeTarget "gemini chatTests" */ = {
			isa = XCConfigurationList;
			buildConfigurations = (
				407488972C0E152600484307 /* Debug */,
				407488982C0E152600484307 /* Release */,
			);
			defaultConfigurationIsVisible = 0;
			defaultConfigurationName = Release;
		};
		407488992C0E152600484307 /* Build configuration list for PBXNativeTarget "gemini chatUITests" */ = {
			isa = XCConfigurationList;
			buildConfigurations = (
				4074889A2C0E152600484307 /* Debug */,
				4074889B2C0E152600484307 /* Release */,
			);
			defaultConfigurationIsVisible = 0;
			defaultConfigurationName = Release;
		};
/* End XCConfigurationList section */
	};
	rootObject = 407488672C0E152200484307 /* Project object */;
}
